<?xml version="1.0" encoding="UTF-8"?>
<!DOCTYPE plist PUBLIC "-//Apple//DTD PLIST 1.0//EN" "http://www.apple.com/DTDs/PropertyList-1.0.dtd">
<plist version="1.0">
<dict>
	<key>archiveVersion</key>
	<string>1</string>
	<key>classes</key>
	<dict/>
	<key>objectVersion</key>
	<string>46</string>
	<key>objects</key>
	<dict>
		<key>04F1BCC7184747A881908A79</key>
		<dict>
			<key>buildActionMask</key>
			<string>2147483647</string>
			<key>files</key>
			<array/>
			<key>inputPaths</key>
			<array/>
			<key>isa</key>
			<string>PBXShellScriptBuildPhase</string>
			<key>name</key>
			<string>Check Pods Manifest.lock</string>
			<key>outputPaths</key>
			<array/>
			<key>runOnlyForDeploymentPostprocessing</key>
			<string>0</string>
			<key>shellPath</key>
			<string>/bin/sh</string>
			<key>shellScript</key>
			<string>diff "${PODS_ROOT}/../Podfile.lock" "${PODS_ROOT}/Manifest.lock" &gt; /dev/null
if [[ $? != 0 ]] ; then
    cat &lt;&lt; EOM
error: The sandbox is not in sync with the Podfile.lock. Run 'pod install' or update your CocoaPods installation.
EOM
    exit 1
fi
</string>
			<key>showEnvVarsInLog</key>
			<string>0</string>
		</dict>
		<key>299C862A8307436498E4B783</key>
		<dict>
			<key>fileRef</key>
			<string>90A7A93982BE4C84AF641724</string>
			<key>isa</key>
			<string>PBXBuildFile</string>
		</dict>
		<key>3C4D954E28AB4A318C007BE8</key>
		<dict>
			<key>buildActionMask</key>
			<string>2147483647</string>
			<key>files</key>
			<array/>
			<key>inputPaths</key>
			<array/>
			<key>isa</key>
			<string>PBXShellScriptBuildPhase</string>
			<key>name</key>
			<string>Copy Pods Resources</string>
			<key>outputPaths</key>
			<array/>
			<key>runOnlyForDeploymentPostprocessing</key>
			<string>0</string>
			<key>shellPath</key>
			<string>/bin/sh</string>
			<key>shellScript</key>
			<string>"${SRCROOT}/Pods/Pods-resources.sh"
</string>
			<key>showEnvVarsInLog</key>
			<string>0</string>
		</dict>
		<key>5557D387AE47434EB0049EC0</key>
		<dict>
			<key>includeInIndex</key>
			<string>1</string>
			<key>isa</key>
			<string>PBXFileReference</string>
			<key>lastKnownFileType</key>
			<string>text.xcconfig</string>
			<key>name</key>
			<string>Pods.xcconfig</string>
			<key>path</key>
			<string>Pods/Pods.xcconfig</string>
			<key>sourceTree</key>
			<string>&lt;group&gt;</string>
		</dict>
		<key>774F96391828EB710086A013</key>
		<dict>
			<key>children</key>
			<array>
				<string>774F967E1828ED0C0086A013</string>
				<string>774F964B1828EB710086A013</string>
				<string>774F966D1828EB710086A013</string>
				<string>774F96441828EB710086A013</string>
				<string>774F96431828EB710086A013</string>
				<string>5557D387AE47434EB0049EC0</string>
			</array>
			<key>isa</key>
			<string>PBXGroup</string>
			<key>sourceTree</key>
			<string>&lt;group&gt;</string>
		</dict>
		<key>774F963A1828EB710086A013</key>
		<dict>
			<key>attributes</key>
			<dict>
				<key>LastUpgradeCheck</key>
				<string>0500</string>
				<key>ORGANIZATIONNAME</key>
				<string>&#1044;&#1084;&#1080;&#1090;&#1088;&#1080;&#1081; &#1050;&#1072;&#1083;&#1072;&#1096;&#1085;&#1080;&#1082;&#1086;&#1074;</string>
				<key>TargetAttributes</key>
				<dict>
					<key>774F96651828EB710086A013</key>
					<dict>
						<key>TestTargetID</key>
						<string>774F96411828EB710086A013</string>
					</dict>
				</dict>
			</dict>
			<key>buildConfigurationList</key>
			<string>774F963D1828EB710086A013</string>
			<key>compatibilityVersion</key>
			<string>Xcode 3.2</string>
			<key>developmentRegion</key>
			<string>English</string>
			<key>hasScannedForEncodings</key>
			<string>0</string>
			<key>isa</key>
			<string>PBXProject</string>
			<key>knownRegions</key>
			<array>
				<string>en</string>
				<string>Base</string>
			</array>
			<key>mainGroup</key>
			<string>774F96391828EB710086A013</string>
			<key>productRefGroup</key>
			<string>774F96431828EB710086A013</string>
			<key>projectDirPath</key>
			<string></string>
			<key>projectReferences</key>
			<array/>
			<key>projectRoot</key>
			<string></string>
			<key>targets</key>
			<array>
				<string>774F96411828EB710086A013</string>
				<string>774F96651828EB710086A013</string>
			</array>
		</dict>
		<key>774F963D1828EB710086A013</key>
		<dict>
			<key>buildConfigurations</key>
			<array>
				<string>774F96751828EB710086A013</string>
				<string>774F96761828EB710086A013</string>
			</array>
			<key>defaultConfigurationIsVisible</key>
			<string>0</string>
			<key>defaultConfigurationName</key>
			<string>Release</string>
			<key>isa</key>
			<string>XCConfigurationList</string>
		</dict>
		<key>774F963E1828EB710086A013</key>
		<dict>
			<key>buildActionMask</key>
			<string>2147483647</string>
			<key>files</key>
			<array>
				<string>774F96931829250F0086A013</string>
				<string>774F96851828EF830086A013</string>
				<string>774F968D18291D780086A013</string>
				<string>774F965F1828EB710086A013</string>
				<string>774F96561828EB710086A013</string>
				<string>774F96811828ED560086A013</string>
				<string>774F96521828EB710086A013</string>
			</array>
			<key>isa</key>
			<string>PBXSourcesBuildPhase</string>
			<key>runOnlyForDeploymentPostprocessing</key>
			<string>0</string>
		</dict>
		<key>774F963F1828EB710086A013</key>
		<dict>
			<key>buildActionMask</key>
			<string>2147483647</string>
			<key>files</key>
			<array>
				<string>774F96481828EB710086A013</string>
				<string>774F964A1828EB710086A013</string>
				<string>774F96461828EB710086A013</string>
				<string>299C862A8307436498E4B783</string>
			</array>
			<key>isa</key>
			<string>PBXFrameworksBuildPhase</string>
			<key>runOnlyForDeploymentPostprocessing</key>
			<string>0</string>
		</dict>
		<key>774F96401828EB710086A013</key>
		<dict>
			<key>buildActionMask</key>
			<string>2147483647</string>
			<key>files</key>
			<array>
				<string>774F965C1828EB710086A013</string>
				<string>774F96611828EB710086A013</string>
				<string>774F96591828EB710086A013</string>
				<string>774F96501828EB710086A013</string>
			</array>
			<key>isa</key>
			<string>PBXResourcesBuildPhase</string>
			<key>runOnlyForDeploymentPostprocessing</key>
			<string>0</string>
		</dict>
		<key>774F96411828EB710086A013</key>
		<dict>
			<key>buildConfigurationList</key>
			<string>774F96771828EB710086A013</string>
			<key>buildPhases</key>
			<array>
				<string>04F1BCC7184747A881908A79</string>
				<string>774F963E1828EB710086A013</string>
				<string>774F963F1828EB710086A013</string>
				<string>774F96401828EB710086A013</string>
				<string>3C4D954E28AB4A318C007BE8</string>
			</array>
			<key>buildRules</key>
			<array/>
			<key>dependencies</key>
			<array/>
			<key>isa</key>
			<string>PBXNativeTarget</string>
			<key>name</key>
			<string>PictureGallery</string>
			<key>productName</key>
			<string>PictureGallery</string>
			<key>productReference</key>
			<string>774F96421828EB710086A013</string>
			<key>productType</key>
			<string>com.apple.product-type.application</string>
		</dict>
		<key>774F96421828EB710086A013</key>
		<dict>
			<key>explicitFileType</key>
			<string>wrapper.application</string>
			<key>includeInIndex</key>
			<string>0</string>
			<key>isa</key>
			<string>PBXFileReference</string>
			<key>path</key>
			<string>PictureGallery.app</string>
			<key>sourceTree</key>
			<string>BUILT_PRODUCTS_DIR</string>
		</dict>
		<key>774F96431828EB710086A013</key>
		<dict>
			<key>children</key>
			<array>
				<string>774F96421828EB710086A013</string>
				<string>774F96661828EB710086A013</string>
			</array>
			<key>isa</key>
			<string>PBXGroup</string>
			<key>name</key>
			<string>Products</string>
			<key>sourceTree</key>
			<string>&lt;group&gt;</string>
		</dict>
		<key>774F96441828EB710086A013</key>
		<dict>
			<key>children</key>
			<array>
				<string>774F96451828EB710086A013</string>
				<string>774F96471828EB710086A013</string>
				<string>774F96491828EB710086A013</string>
				<string>774F96671828EB710086A013</string>
				<string>90A7A93982BE4C84AF641724</string>
			</array>
			<key>isa</key>
			<string>PBXGroup</string>
			<key>name</key>
			<string>Frameworks</string>
			<key>sourceTree</key>
			<string>&lt;group&gt;</string>
		</dict>
		<key>774F96451828EB710086A013</key>
		<dict>
			<key>isa</key>
			<string>PBXFileReference</string>
			<key>lastKnownFileType</key>
			<string>wrapper.framework</string>
			<key>name</key>
			<string>Foundation.framework</string>
			<key>path</key>
			<string>System/Library/Frameworks/Foundation.framework</string>
			<key>sourceTree</key>
			<string>SDKROOT</string>
		</dict>
		<key>774F96461828EB710086A013</key>
		<dict>
			<key>fileRef</key>
			<string>774F96451828EB710086A013</string>
			<key>isa</key>
			<string>PBXBuildFile</string>
		</dict>
		<key>774F96471828EB710086A013</key>
		<dict>
			<key>isa</key>
			<string>PBXFileReference</string>
			<key>lastKnownFileType</key>
			<string>wrapper.framework</string>
			<key>name</key>
			<string>CoreGraphics.framework</string>
			<key>path</key>
			<string>System/Library/Frameworks/CoreGraphics.framework</string>
			<key>sourceTree</key>
			<string>SDKROOT</string>
		</dict>
		<key>774F96481828EB710086A013</key>
		<dict>
			<key>fileRef</key>
			<string>774F96471828EB710086A013</string>
			<key>isa</key>
			<string>PBXBuildFile</string>
		</dict>
		<key>774F96491828EB710086A013</key>
		<dict>
			<key>isa</key>
			<string>PBXFileReference</string>
			<key>lastKnownFileType</key>
			<string>wrapper.framework</string>
			<key>name</key>
			<string>UIKit.framework</string>
			<key>path</key>
			<string>System/Library/Frameworks/UIKit.framework</string>
			<key>sourceTree</key>
			<string>SDKROOT</string>
		</dict>
		<key>774F964A1828EB710086A013</key>
		<dict>
			<key>fileRef</key>
			<string>774F96491828EB710086A013</string>
			<key>isa</key>
			<string>PBXBuildFile</string>
		</dict>
		<key>774F964B1828EB710086A013</key>
		<dict>
			<key>children</key>
			<array>
				<string>774F96541828EB710086A013</string>
				<string>774F96551828EB710086A013</string>
				<string>774F96571828EB710086A013</string>
				<string>774F965A1828EB710086A013</string>
				<string>774F965D1828EB710086A013</string>
				<string>774F965E1828EB710086A013</string>
				<string>774F96601828EB710086A013</string>
				<string>774F964C1828EB710086A013</string>
			</array>
			<key>isa</key>
			<string>PBXGroup</string>
			<key>path</key>
			<string>PictureGallery</string>
			<key>sourceTree</key>
			<string>&lt;group&gt;</string>
		</dict>
		<key>774F964C1828EB710086A013</key>
		<dict>
			<key>children</key>
			<array>
				<string>774F964D1828EB710086A013</string>
				<string>774F964E1828EB710086A013</string>
				<string>774F96511828EB710086A013</string>
				<string>774F96531828EB710086A013</string>
			</array>
			<key>isa</key>
			<string>PBXGroup</string>
			<key>name</key>
			<string>Supporting Files</string>
			<key>sourceTree</key>
			<string>&lt;group&gt;</string>
		</dict>
		<key>774F964D1828EB710086A013</key>
		<dict>
			<key>isa</key>
			<string>PBXFileReference</string>
			<key>lastKnownFileType</key>
			<string>text.plist.xml</string>
			<key>path</key>
			<string>PictureGallery-Info.plist</string>
			<key>sourceTree</key>
			<string>&lt;group&gt;</string>
		</dict>
		<key>774F964E1828EB710086A013</key>
		<dict>
			<key>children</key>
			<array>
				<string>774F964F1828EB710086A013</string>
			</array>
			<key>isa</key>
			<string>PBXVariantGroup</string>
			<key>name</key>
			<string>InfoPlist.strings</string>
			<key>sourceTree</key>
			<string>&lt;group&gt;</string>
		</dict>
		<key>774F964F1828EB710086A013</key>
		<dict>
			<key>isa</key>
			<string>PBXFileReference</string>
			<key>lastKnownFileType</key>
			<string>text.plist.strings</string>
			<key>name</key>
			<string>en</string>
			<key>path</key>
			<string>en.lproj/InfoPlist.strings</string>
			<key>sourceTree</key>
			<string>&lt;group&gt;</string>
		</dict>
		<key>774F96501828EB710086A013</key>
		<dict>
			<key>fileRef</key>
			<string>774F964E1828EB710086A013</string>
			<key>isa</key>
			<string>PBXBuildFile</string>
		</dict>
		<key>774F96511828EB710086A013</key>
		<dict>
			<key>isa</key>
			<string>PBXFileReference</string>
			<key>lastKnownFileType</key>
			<string>sourcecode.c.objc</string>
			<key>path</key>
			<string>main.m</string>
			<key>sourceTree</key>
			<string>&lt;group&gt;</string>
		</dict>
		<key>774F96521828EB710086A013</key>
		<dict>
			<key>fileRef</key>
			<string>774F96511828EB710086A013</string>
			<key>isa</key>
			<string>PBXBuildFile</string>
		</dict>
		<key>774F96531828EB710086A013</key>
		<dict>
			<key>isa</key>
			<string>PBXFileReference</string>
			<key>lastKnownFileType</key>
			<string>sourcecode.c.h</string>
			<key>path</key>
			<string>PictureGallery-Prefix.pch</string>
			<key>sourceTree</key>
			<string>&lt;group&gt;</string>
		</dict>
		<key>774F96541828EB710086A013</key>
		<dict>
			<key>isa</key>
			<string>PBXFileReference</string>
			<key>lastKnownFileType</key>
			<string>sourcecode.c.h</string>
			<key>path</key>
			<string>AppDelegate.h</string>
			<key>sourceTree</key>
			<string>&lt;group&gt;</string>
		</dict>
		<key>774F96551828EB710086A013</key>
		<dict>
			<key>isa</key>
			<string>PBXFileReference</string>
			<key>lastKnownFileType</key>
			<string>sourcecode.c.objc</string>
			<key>path</key>
			<string>AppDelegate.m</string>
			<key>sourceTree</key>
			<string>&lt;group&gt;</string>
		</dict>
		<key>774F96561828EB710086A013</key>
		<dict>
			<key>fileRef</key>
			<string>774F96551828EB710086A013</string>
			<key>isa</key>
			<string>PBXBuildFile</string>
		</dict>
		<key>774F96571828EB710086A013</key>
		<dict>
			<key>children</key>
			<array>
				<string>774F96581828EB710086A013</string>
			</array>
			<key>isa</key>
			<string>PBXVariantGroup</string>
			<key>name</key>
			<string>Main_iPhone.storyboard</string>
			<key>sourceTree</key>
			<string>&lt;group&gt;</string>
		</dict>
		<key>774F96581828EB710086A013</key>
		<dict>
			<key>isa</key>
			<string>PBXFileReference</string>
			<key>lastKnownFileType</key>
			<string>file.storyboard</string>
			<key>name</key>
			<string>Base</string>
			<key>path</key>
			<string>Base.lproj/Main_iPhone.storyboard</string>
			<key>sourceTree</key>
			<string>&lt;group&gt;</string>
		</dict>
		<key>774F96591828EB710086A013</key>
		<dict>
			<key>fileRef</key>
			<string>774F96571828EB710086A013</string>
			<key>isa</key>
			<string>PBXBuildFile</string>
		</dict>
		<key>774F965A1828EB710086A013</key>
		<dict>
			<key>children</key>
			<array>
				<string>774F965B1828EB710086A013</string>
			</array>
			<key>isa</key>
			<string>PBXVariantGroup</string>
			<key>name</key>
			<string>Main_iPad.storyboard</string>
			<key>sourceTree</key>
			<string>&lt;group&gt;</string>
		</dict>
		<key>774F965B1828EB710086A013</key>
		<dict>
			<key>isa</key>
			<string>PBXFileReference</string>
			<key>lastKnownFileType</key>
			<string>file.storyboard</string>
			<key>name</key>
			<string>Base</string>
			<key>path</key>
			<string>Base.lproj/Main_iPad.storyboard</string>
			<key>sourceTree</key>
			<string>&lt;group&gt;</string>
		</dict>
		<key>774F965C1828EB710086A013</key>
		<dict>
			<key>fileRef</key>
			<string>774F965A1828EB710086A013</string>
			<key>isa</key>
			<string>PBXBuildFile</string>
		</dict>
		<key>774F965D1828EB710086A013</key>
		<dict>
			<key>isa</key>
			<string>PBXFileReference</string>
			<key>lastKnownFileType</key>
			<string>sourcecode.c.h</string>
			<key>path</key>
			<string>ViewController.h</string>
			<key>sourceTree</key>
			<string>&lt;group&gt;</string>
		</dict>
		<key>774F965E1828EB710086A013</key>
		<dict>
			<key>isa</key>
			<string>PBXFileReference</string>
			<key>lastKnownFileType</key>
			<string>sourcecode.c.objc</string>
			<key>path</key>
			<string>ViewController.m</string>
			<key>sourceTree</key>
			<string>&lt;group&gt;</string>
		</dict>
		<key>774F965F1828EB710086A013</key>
		<dict>
			<key>fileRef</key>
			<string>774F965E1828EB710086A013</string>
			<key>isa</key>
			<string>PBXBuildFile</string>
		</dict>
		<key>774F96601828EB710086A013</key>
		<dict>
			<key>isa</key>
			<string>PBXFileReference</string>
			<key>lastKnownFileType</key>
			<string>folder.assetcatalog</string>
			<key>path</key>
			<string>Images.xcassets</string>
			<key>sourceTree</key>
			<string>&lt;group&gt;</string>
		</dict>
		<key>774F96611828EB710086A013</key>
		<dict>
			<key>fileRef</key>
			<string>774F96601828EB710086A013</string>
			<key>isa</key>
			<string>PBXBuildFile</string>
		</dict>
		<key>774F96621828EB710086A013</key>
		<dict>
			<key>buildActionMask</key>
			<string>2147483647</string>
			<key>files</key>
			<array>
				<string>774F96741828EB710086A013</string>
			</array>
			<key>isa</key>
			<string>PBXSourcesBuildPhase</string>
			<key>runOnlyForDeploymentPostprocessing</key>
			<string>0</string>
		</dict>
		<key>774F96631828EB710086A013</key>
		<dict>
			<key>buildActionMask</key>
			<string>2147483647</string>
			<key>files</key>
			<array>
				<string>774F96681828EB710086A013</string>
				<string>774F966A1828EB710086A013</string>
				<string>774F96691828EB710086A013</string>
			</array>
			<key>isa</key>
			<string>PBXFrameworksBuildPhase</string>
			<key>runOnlyForDeploymentPostprocessing</key>
			<string>0</string>
		</dict>
		<key>774F96641828EB710086A013</key>
		<dict>
			<key>buildActionMask</key>
			<string>2147483647</string>
			<key>files</key>
			<array>
				<string>774F96721828EB710086A013</string>
			</array>
			<key>isa</key>
			<string>PBXResourcesBuildPhase</string>
			<key>runOnlyForDeploymentPostprocessing</key>
			<string>0</string>
		</dict>
		<key>774F96651828EB710086A013</key>
		<dict>
			<key>buildConfigurationList</key>
			<string>774F967A1828EB710086A013</string>
			<key>buildPhases</key>
			<array>
				<string>774F96621828EB710086A013</string>
				<string>774F96631828EB710086A013</string>
				<string>774F96641828EB710086A013</string>
			</array>
			<key>buildRules</key>
			<array/>
			<key>dependencies</key>
			<array>
				<string>774F966C1828EB710086A013</string>
			</array>
			<key>isa</key>
			<string>PBXNativeTarget</string>
			<key>name</key>
			<string>PictureGalleryTests</string>
			<key>productName</key>
			<string>PictureGalleryTests</string>
			<key>productReference</key>
			<string>774F96661828EB710086A013</string>
			<key>productType</key>
			<string>com.apple.product-type.bundle.unit-test</string>
		</dict>
		<key>774F96661828EB710086A013</key>
		<dict>
			<key>explicitFileType</key>
			<string>wrapper.cfbundle</string>
			<key>includeInIndex</key>
			<string>0</string>
			<key>isa</key>
			<string>PBXFileReference</string>
			<key>path</key>
			<string>PictureGalleryTests.xctest</string>
			<key>sourceTree</key>
			<string>BUILT_PRODUCTS_DIR</string>
		</dict>
		<key>774F96671828EB710086A013</key>
		<dict>
			<key>isa</key>
			<string>PBXFileReference</string>
			<key>lastKnownFileType</key>
			<string>wrapper.framework</string>
			<key>name</key>
			<string>XCTest.framework</string>
			<key>path</key>
			<string>Library/Frameworks/XCTest.framework</string>
			<key>sourceTree</key>
			<string>DEVELOPER_DIR</string>
		</dict>
		<key>774F96681828EB710086A013</key>
		<dict>
			<key>fileRef</key>
			<string>774F96671828EB710086A013</string>
			<key>isa</key>
			<string>PBXBuildFile</string>
		</dict>
		<key>774F96691828EB710086A013</key>
		<dict>
			<key>fileRef</key>
			<string>774F96451828EB710086A013</string>
			<key>isa</key>
			<string>PBXBuildFile</string>
		</dict>
		<key>774F966A1828EB710086A013</key>
		<dict>
			<key>fileRef</key>
			<string>774F96491828EB710086A013</string>
			<key>isa</key>
			<string>PBXBuildFile</string>
		</dict>
		<key>774F966B1828EB710086A013</key>
		<dict>
			<key>containerPortal</key>
			<string>774F963A1828EB710086A013</string>
			<key>isa</key>
			<string>PBXContainerItemProxy</string>
			<key>proxyType</key>
			<string>1</string>
			<key>remoteGlobalIDString</key>
			<string>774F96411828EB710086A013</string>
			<key>remoteInfo</key>
			<string>PictureGallery</string>
		</dict>
		<key>774F966C1828EB710086A013</key>
		<dict>
			<key>isa</key>
			<string>PBXTargetDependency</string>
			<key>target</key>
			<string>774F96411828EB710086A013</string>
			<key>targetProxy</key>
			<string>774F966B1828EB710086A013</string>
		</dict>
		<key>774F966D1828EB710086A013</key>
		<dict>
			<key>children</key>
			<array>
				<string>774F96731828EB710086A013</string>
				<string>774F966E1828EB710086A013</string>
			</array>
			<key>isa</key>
			<string>PBXGroup</string>
			<key>path</key>
			<string>PictureGalleryTests</string>
			<key>sourceTree</key>
			<string>&lt;group&gt;</string>
		</dict>
		<key>774F966E1828EB710086A013</key>
		<dict>
			<key>children</key>
			<array>
				<string>774F966F1828EB710086A013</string>
				<string>774F96701828EB710086A013</string>
			</array>
			<key>isa</key>
			<string>PBXGroup</string>
			<key>name</key>
			<string>Supporting Files</string>
			<key>sourceTree</key>
			<string>&lt;group&gt;</string>
		</dict>
		<key>774F966F1828EB710086A013</key>
		<dict>
			<key>isa</key>
			<string>PBXFileReference</string>
			<key>lastKnownFileType</key>
			<string>text.plist.xml</string>
			<key>path</key>
			<string>PictureGalleryTests-Info.plist</string>
			<key>sourceTree</key>
			<string>&lt;group&gt;</string>
		</dict>
		<key>774F96701828EB710086A013</key>
		<dict>
			<key>children</key>
			<array>
				<string>774F96711828EB710086A013</string>
			</array>
			<key>isa</key>
			<string>PBXVariantGroup</string>
			<key>name</key>
			<string>InfoPlist.strings</string>
			<key>sourceTree</key>
			<string>&lt;group&gt;</string>
		</dict>
		<key>774F96711828EB710086A013</key>
		<dict>
			<key>isa</key>
			<string>PBXFileReference</string>
			<key>lastKnownFileType</key>
			<string>text.plist.strings</string>
			<key>name</key>
			<string>en</string>
			<key>path</key>
			<string>en.lproj/InfoPlist.strings</string>
			<key>sourceTree</key>
			<string>&lt;group&gt;</string>
		</dict>
		<key>774F96721828EB710086A013</key>
		<dict>
			<key>fileRef</key>
			<string>774F96701828EB710086A013</string>
			<key>isa</key>
			<string>PBXBuildFile</string>
		</dict>
		<key>774F96731828EB710086A013</key>
		<dict>
			<key>isa</key>
			<string>PBXFileReference</string>
			<key>lastKnownFileType</key>
			<string>sourcecode.c.objc</string>
			<key>path</key>
			<string>PictureGalleryTests.m</string>
			<key>sourceTree</key>
			<string>&lt;group&gt;</string>
		</dict>
		<key>774F96741828EB710086A013</key>
		<dict>
			<key>fileRef</key>
			<string>774F96731828EB710086A013</string>
			<key>isa</key>
			<string>PBXBuildFile</string>
		</dict>
		<key>774F96751828EB710086A013</key>
		<dict>
			<key>buildSettings</key>
			<dict>
				<key>ALWAYS_SEARCH_USER_PATHS</key>
				<string>NO</string>
				<key>ARCHS</key>
				<string>$(ARCHS_STANDARD_INCLUDING_64_BIT)</string>
				<key>CLANG_CXX_LANGUAGE_STANDARD</key>
				<string>gnu++0x</string>
				<key>CLANG_CXX_LIBRARY</key>
				<string>libc++</string>
				<key>CLANG_ENABLE_MODULES</key>
				<string>YES</string>
				<key>CLANG_ENABLE_OBJC_ARC</key>
				<string>YES</string>
				<key>CLANG_WARN_BOOL_CONVERSION</key>
				<string>YES</string>
				<key>CLANG_WARN_CONSTANT_CONVERSION</key>
				<string>YES</string>
				<key>CLANG_WARN_DIRECT_OBJC_ISA_USAGE</key>
				<string>YES_ERROR</string>
				<key>CLANG_WARN_EMPTY_BODY</key>
				<string>YES</string>
				<key>CLANG_WARN_ENUM_CONVERSION</key>
				<string>YES</string>
				<key>CLANG_WARN_INT_CONVERSION</key>
				<string>YES</string>
				<key>CLANG_WARN_OBJC_ROOT_CLASS</key>
				<string>YES_ERROR</string>
				<key>CLANG_WARN__DUPLICATE_METHOD_MATCH</key>
				<string>YES</string>
				<key>CODE_SIGN_IDENTITY[sdk=iphoneos*]</key>
				<string>iPhone Developer</string>
				<key>COPY_PHASE_STRIP</key>
				<string>NO</string>
				<key>GCC_C_LANGUAGE_STANDARD</key>
				<string>gnu99</string>
				<key>GCC_DYNAMIC_NO_PIC</key>
				<string>NO</string>
				<key>GCC_OPTIMIZATION_LEVEL</key>
				<string>0</string>
				<key>GCC_PREPROCESSOR_DEFINITIONS</key>
				<array>
					<string>DEBUG=1</string>
					<string>$(inherited)</string>
				</array>
				<key>GCC_SYMBOLS_PRIVATE_EXTERN</key>
				<string>NO</string>
				<key>GCC_WARN_64_TO_32_BIT_CONVERSION</key>
				<string>YES</string>
				<key>GCC_WARN_ABOUT_RETURN_TYPE</key>
				<string>YES_ERROR</string>
				<key>GCC_WARN_UNDECLARED_SELECTOR</key>
				<string>YES</string>
				<key>GCC_WARN_UNINITIALIZED_AUTOS</key>
				<string>YES</string>
				<key>GCC_WARN_UNUSED_FUNCTION</key>
				<string>YES</string>
				<key>GCC_WARN_UNUSED_VARIABLE</key>
				<string>YES</string>
				<key>IPHONEOS_DEPLOYMENT_TARGET</key>
				<string>7.0</string>
				<key>ONLY_ACTIVE_ARCH</key>
				<string>YES</string>
				<key>SDKROOT</key>
				<string>iphoneos</string>
				<key>TARGETED_DEVICE_FAMILY</key>
				<string>1,2</string>
			</dict>
			<key>isa</key>
			<string>XCBuildConfiguration</string>
			<key>name</key>
			<string>Debug</string>
		</dict>
		<key>774F96761828EB710086A013</key>
		<dict>
			<key>buildSettings</key>
			<dict>
				<key>ALWAYS_SEARCH_USER_PATHS</key>
				<string>NO</string>
				<key>ARCHS</key>
				<string>$(ARCHS_STANDARD_INCLUDING_64_BIT)</string>
				<key>CLANG_CXX_LANGUAGE_STANDARD</key>
				<string>gnu++0x</string>
				<key>CLANG_CXX_LIBRARY</key>
				<string>libc++</string>
				<key>CLANG_ENABLE_MODULES</key>
				<string>YES</string>
				<key>CLANG_ENABLE_OBJC_ARC</key>
				<string>YES</string>
				<key>CLANG_WARN_BOOL_CONVERSION</key>
				<string>YES</string>
				<key>CLANG_WARN_CONSTANT_CONVERSION</key>
				<string>YES</string>
				<key>CLANG_WARN_DIRECT_OBJC_ISA_USAGE</key>
				<string>YES_ERROR</string>
				<key>CLANG_WARN_EMPTY_BODY</key>
				<string>YES</string>
				<key>CLANG_WARN_ENUM_CONVERSION</key>
				<string>YES</string>
				<key>CLANG_WARN_INT_CONVERSION</key>
				<string>YES</string>
				<key>CLANG_WARN_OBJC_ROOT_CLASS</key>
				<string>YES_ERROR</string>
				<key>CLANG_WARN__DUPLICATE_METHOD_MATCH</key>
				<string>YES</string>
				<key>CODE_SIGN_IDENTITY[sdk=iphoneos*]</key>
				<string>iPhone Developer</string>
				<key>COPY_PHASE_STRIP</key>
				<string>YES</string>
				<key>ENABLE_NS_ASSERTIONS</key>
				<string>NO</string>
				<key>GCC_C_LANGUAGE_STANDARD</key>
				<string>gnu99</string>
				<key>GCC_WARN_64_TO_32_BIT_CONVERSION</key>
				<string>YES</string>
				<key>GCC_WARN_ABOUT_RETURN_TYPE</key>
				<string>YES_ERROR</string>
				<key>GCC_WARN_UNDECLARED_SELECTOR</key>
				<string>YES</string>
				<key>GCC_WARN_UNINITIALIZED_AUTOS</key>
				<string>YES</string>
				<key>GCC_WARN_UNUSED_FUNCTION</key>
				<string>YES</string>
				<key>GCC_WARN_UNUSED_VARIABLE</key>
				<string>YES</string>
				<key>IPHONEOS_DEPLOYMENT_TARGET</key>
				<string>7.0</string>
				<key>SDKROOT</key>
				<string>iphoneos</string>
				<key>TARGETED_DEVICE_FAMILY</key>
				<string>1,2</string>
				<key>VALIDATE_PRODUCT</key>
				<string>YES</string>
			</dict>
			<key>isa</key>
			<string>XCBuildConfiguration</string>
			<key>name</key>
			<string>Release</string>
		</dict>
		<key>774F96771828EB710086A013</key>
		<dict>
			<key>buildConfigurations</key>
			<array>
				<string>774F96781828EB710086A013</string>
				<string>774F96791828EB710086A013</string>
			</array>
			<key>defaultConfigurationIsVisible</key>
			<string>0</string>
			<key>isa</key>
			<string>XCConfigurationList</string>
		</dict>
		<key>774F96781828EB710086A013</key>
		<dict>
			<key>baseConfigurationReference</key>
			<string>5557D387AE47434EB0049EC0</string>
			<key>buildSettings</key>
			<dict>
				<key>ASSETCATALOG_COMPILER_APPICON_NAME</key>
				<string>AppIcon</string>
				<key>ASSETCATALOG_COMPILER_LAUNCHIMAGE_NAME</key>
				<string>LaunchImage</string>
				<key>GCC_PRECOMPILE_PREFIX_HEADER</key>
				<string>YES</string>
				<key>GCC_PREFIX_HEADER</key>
				<string>PictureGallery/PictureGallery-Prefix.pch</string>
				<key>INFOPLIST_FILE</key>
				<string>PictureGallery/PictureGallery-Info.plist</string>
				<key>PRODUCT_NAME</key>
				<string>$(TARGET_NAME)</string>
				<key>WRAPPER_EXTENSION</key>
				<string>app</string>
			</dict>
			<key>isa</key>
			<string>XCBuildConfiguration</string>
			<key>name</key>
			<string>Debug</string>
		</dict>
		<key>774F96791828EB710086A013</key>
		<dict>
			<key>baseConfigurationReference</key>
			<string>5557D387AE47434EB0049EC0</string>
			<key>buildSettings</key>
			<dict>
				<key>ASSETCATALOG_COMPILER_APPICON_NAME</key>
				<string>AppIcon</string>
				<key>ASSETCATALOG_COMPILER_LAUNCHIMAGE_NAME</key>
				<string>LaunchImage</string>
				<key>GCC_PRECOMPILE_PREFIX_HEADER</key>
				<string>YES</string>
				<key>GCC_PREFIX_HEADER</key>
				<string>PictureGallery/PictureGallery-Prefix.pch</string>
				<key>INFOPLIST_FILE</key>
				<string>PictureGallery/PictureGallery-Info.plist</string>
				<key>PRODUCT_NAME</key>
				<string>$(TARGET_NAME)</string>
				<key>WRAPPER_EXTENSION</key>
				<string>app</string>
			</dict>
			<key>isa</key>
			<string>XCBuildConfiguration</string>
			<key>name</key>
			<string>Release</string>
		</dict>
		<key>774F967A1828EB710086A013</key>
		<dict>
			<key>buildConfigurations</key>
			<array>
				<string>774F967B1828EB710086A013</string>
				<string>774F967C1828EB710086A013</string>
			</array>
			<key>defaultConfigurationIsVisible</key>
			<string>0</string>
			<key>isa</key>
			<string>XCConfigurationList</string>
		</dict>
		<key>774F967B1828EB710086A013</key>
		<dict>
			<key>buildSettings</key>
			<dict>
				<key>ARCHS</key>
				<string>$(ARCHS_STANDARD_INCLUDING_64_BIT)</string>
				<key>BUNDLE_LOADER</key>
				<string>$(BUILT_PRODUCTS_DIR)/PictureGallery.app/PictureGallery</string>
				<key>FRAMEWORK_SEARCH_PATHS</key>
				<array>
					<string>$(SDKROOT)/Developer/Library/Frameworks</string>
					<string>$(inherited)</string>
					<string>$(DEVELOPER_FRAMEWORKS_DIR)</string>
				</array>
				<key>GCC_PRECOMPILE_PREFIX_HEADER</key>
				<string>YES</string>
				<key>GCC_PREFIX_HEADER</key>
				<string>PictureGallery/PictureGallery-Prefix.pch</string>
				<key>GCC_PREPROCESSOR_DEFINITIONS</key>
				<array>
					<string>DEBUG=1</string>
					<string>$(inherited)</string>
				</array>
				<key>INFOPLIST_FILE</key>
				<string>PictureGalleryTests/PictureGalleryTests-Info.plist</string>
				<key>PRODUCT_NAME</key>
				<string>$(TARGET_NAME)</string>
				<key>TEST_HOST</key>
				<string>$(BUNDLE_LOADER)</string>
				<key>WRAPPER_EXTENSION</key>
				<string>xctest</string>
			</dict>
			<key>isa</key>
			<string>XCBuildConfiguration</string>
			<key>name</key>
			<string>Debug</string>
		</dict>
		<key>774F967C1828EB710086A013</key>
		<dict>
			<key>buildSettings</key>
			<dict>
				<key>ARCHS</key>
				<string>$(ARCHS_STANDARD_INCLUDING_64_BIT)</string>
				<key>BUNDLE_LOADER</key>
				<string>$(BUILT_PRODUCTS_DIR)/PictureGallery.app/PictureGallery</string>
				<key>FRAMEWORK_SEARCH_PATHS</key>
				<array>
					<string>$(SDKROOT)/Developer/Library/Frameworks</string>
					<string>$(inherited)</string>
					<string>$(DEVELOPER_FRAMEWORKS_DIR)</string>
				</array>
				<key>GCC_PRECOMPILE_PREFIX_HEADER</key>
				<string>YES</string>
				<key>GCC_PREFIX_HEADER</key>
				<string>PictureGallery/PictureGallery-Prefix.pch</string>
				<key>INFOPLIST_FILE</key>
				<string>PictureGalleryTests/PictureGalleryTests-Info.plist</string>
				<key>PRODUCT_NAME</key>
				<string>$(TARGET_NAME)</string>
				<key>TEST_HOST</key>
				<string>$(BUNDLE_LOADER)</string>
				<key>WRAPPER_EXTENSION</key>
				<string>xctest</string>
			</dict>
			<key>isa</key>
			<string>XCBuildConfiguration</string>
			<key>name</key>
			<string>Release</string>
		</dict>
		<key>774F967E1828ED0C0086A013</key>
		<dict>
			<key>children</key>
			<array>
				<string>774F9687182902DA0086A013</string>
				<string>774F96821828EF530086A013</string>
				<string>774F967F1828ED560086A013</string>
				<string>774F96801828ED560086A013</string>
			</array>
			<key>isa</key>
			<string>PBXGroup</string>
			<key>name</key>
			<string>DKPictureGallery</string>
			<key>path</key>
			<string>../../Core/DKPictureGallery</string>
			<key>sourceTree</key>
			<string>&lt;group&gt;</string>
		</dict>
		<key>774F967F1828ED560086A013</key>
		<dict>
			<key>fileEncoding</key>
			<string>4</string>
			<key>isa</key>
			<string>PBXFileReference</string>
			<key>lastKnownFileType</key>
			<string>sourcecode.c.h</string>
			<key>path</key>
			<string>DKPictureGalleryController.h</string>
			<key>sourceTree</key>
			<string>&lt;group&gt;</string>
		</dict>
		<key>774F96801828ED560086A013</key>
		<dict>
			<key>fileEncoding</key>
			<string>4</string>
			<key>isa</key>
			<string>PBXFileReference</string>
			<key>lastKnownFileType</key>
			<string>sourcecode.c.objc</string>
			<key>path</key>
			<string>DKPictureGalleryController.m</string>
			<key>sourceTree</key>
			<string>&lt;group&gt;</string>
		</dict>
		<key>774F96811828ED560086A013</key>
		<dict>
			<key>fileRef</key>
			<string>774F96801828ED560086A013</string>
			<key>isa</key>
			<string>PBXBuildFile</string>
		</dict>
		<key>774F96821828EF530086A013</key>
		<dict>
			<key>children</key>
			<array>
				<string>774F96831828EF830086A013</string>
				<string>774F96841828EF830086A013</string>
			</array>
			<key>isa</key>
			<string>PBXGroup</string>
			<key>path</key>
			<string>Models</string>
			<key>sourceTree</key>
			<string>&lt;group&gt;</string>
		</dict>
		<key>774F96831828EF830086A013</key>
		<dict>
			<key>fileEncoding</key>
			<string>4</string>
			<key>isa</key>
			<string>PBXFileReference</string>
			<key>lastKnownFileType</key>
			<string>sourcecode.c.h</string>
			<key>path</key>
			<string>DKPictureWrapper.h</string>
			<key>sourceTree</key>
			<string>&lt;group&gt;</string>
		</dict>
		<key>774F96841828EF830086A013</key>
		<dict>
			<key>fileEncoding</key>
			<string>4</string>
			<key>isa</key>
			<string>PBXFileReference</string>
			<key>lastKnownFileType</key>
			<string>sourcecode.c.objc</string>
			<key>path</key>
			<string>DKPictureWrapper.m</string>
			<key>sourceTree</key>
			<string>&lt;group&gt;</string>
		</dict>
		<key>774F96851828EF830086A013</key>
		<dict>
			<key>fileRef</key>
			<string>774F96841828EF830086A013</string>
			<key>isa</key>
			<string>PBXBuildFile</string>
		</dict>
		<key>774F9687182902DA0086A013</key>
		<dict>
			<key>children</key>
			<array>
				<string>774F968B18291D780086A013</string>
				<string>774F968C18291D780086A013</string>
				<string>774F96911829250F0086A013</string>
				<string>774F96921829250F0086A013</string>
			</array>
			<key>isa</key>
			<string>PBXGroup</string>
			<key>path</key>
			<string>Extensions</string>
			<key>sourceTree</key>
			<string>&lt;group&gt;</string>
		</dict>
		<key>774F968B18291D780086A013</key>
		<dict>
			<key>fileEncoding</key>
			<string>4</string>
			<key>isa</key>
			<string>PBXFileReference</string>
			<key>lastKnownFileType</key>
			<string>sourcecode.c.h</string>
			<key>path</key>
			<string>UIView+DKExtensions.h</string>
			<key>sourceTree</key>
			<string>&lt;group&gt;</string>
		</dict>
		<key>774F968C18291D780086A013</key>
		<dict>
			<key>fileEncoding</key>
			<string>4</string>
			<key>isa</key>
			<string>PBXFileReference</string>
			<key>lastKnownFileType</key>
			<string>sourcecode.c.objc</string>
			<key>path</key>
			<string>UIView+DKExtensions.m</string>
			<key>sourceTree</key>
			<string>&lt;group&gt;</string>
		</dict>
		<key>774F968D18291D780086A013</key>
		<dict>
			<key>fileRef</key>
			<string>774F968C18291D780086A013</string>
			<key>isa</key>
			<string>PBXBuildFile</string>
		</dict>
		<key>774F96911829250F0086A013</key>
		<dict>
			<key>fileEncoding</key>
			<string>4</string>
			<key>isa</key>
			<string>PBXFileReference</string>
			<key>lastKnownFileType</key>
			<string>sourcecode.c.h</string>
			<key>path</key>
			<string>NSString+DKStringHTML.h</string>
			<key>sourceTree</key>
			<string>&lt;group&gt;</string>
		</dict>
		<key>774F96921829250F0086A013</key>
		<dict>
			<key>fileEncoding</key>
			<string>4</string>
			<key>isa</key>
			<string>PBXFileReference</string>
			<key>lastKnownFileType</key>
			<string>sourcecode.c.objc</string>
			<key>path</key>
			<string>NSString+DKStringHTML.m</string>
			<key>sourceTree</key>
			<string>&lt;group&gt;</string>
		</dict>
		<key>774F96931829250F0086A013</key>
		<dict>
			<key>fileRef</key>
			<string>774F96921829250F0086A013</string>
			<key>isa</key>
			<string>PBXBuildFile</string>
		</dict>
		<key>90A7A93982BE4C84AF641724</key>
		<dict>
			<key>explicitFileType</key>
			<string>archive.ar</string>
			<key>includeInIndex</key>
			<string>0</string>
			<key>isa</key>
			<string>PBXFileReference</string>
			<key>path</key>
			<string>libPods.a</string>
			<key>sourceTree</key>
			<string>BUILT_PRODUCTS_DIR</string>
		</dict>
	</dict>
	<key>rootObject</key>
	<string>774F963A1828EB710086A013</string>
</dict>
</plist>
